
Microsoft Visual Studio Solution File, Format Version 10.00
# Visual Studio 2008
Project("{FAE04EC0-301F-11D3-BF4B-00C04F79EFBC}") = "NGit", "NGit\NGit.csproj", "{E3BFF8B4-189C-496A-A817-7E8B31E22B91}"
EndProject
Project("{FAE04EC0-301F-11D3-BF4B-00C04F79EFBC}") = "NGit.Test", "NGit.Test\NGit.Test.csproj", "{E1FA8F29-5BAB-4FB7-8362-B8CE67ECF7C2}"
EndProject
Project("{FAE04EC0-301F-11D3-BF4B-00C04F79EFBC}") = "NSch", "NSch\NSch.csproj", "{A19E6F3F-A25B-4B01-8922-CF0CC35C781D}"
EndProject
Project("{FAE04EC0-301F-11D3-BF4B-00C04F79EFBC}") = "Sharpen", "Sharpen\Sharpen.csproj", "{72944A6C-45FF-4EF8-B349-8C9CABF519D4}"
EndProject
Project("{FAE04EC0-301F-11D3-BF4B-00C04F79EFBC}") = "Sharpen.Test", "Sharpen.Test\Sharpen.Test.csproj", "{BCFC8586-1CE2-4E47-9DA1-79C336397E52}"
EndProject
Project("{FAE04EC0-301F-11D3-BF4B-00C04F79EFBC}") = "Tester", "Tester\Tester.csproj", "{7C21E1D7-6E5E-40E0-BF3B-60DD6906729B}"
EndProject
Global
	GlobalSection(SolutionConfigurationPlatforms) = preSolution
		Debug|Any CPU = Debug|Any CPU
		Release|Any CPU = Release|Any CPU
	EndGlobalSection
	GlobalSection(ProjectConfigurationPlatforms) = postSolution
		{72944A6C-45FF-4EF8-B349-8C9CABF519D4}.Debug|Any CPU.ActiveCfg = Debug|Any CPU
		{72944A6C-45FF-4EF8-B349-8C9CABF519D4}.Debug|Any CPU.Build.0 = Debug|Any CPU
		{72944A6C-45FF-4EF8-B349-8C9CABF519D4}.Release|Any CPU.ActiveCfg = Release|Any CPU
		{72944A6C-45FF-4EF8-B349-8C9CABF519D4}.Release|Any CPU.Build.0 = Release|Any CPU
		{7C21E1D7-6E5E-40E0-BF3B-60DD6906729B}.Debug|Any CPU.ActiveCfg = Debug|Any CPU
		{7C21E1D7-6E5E-40E0-BF3B-60DD6906729B}.Debug|Any CPU.Build.0 = Debug|Any CPU
		{7C21E1D7-6E5E-40E0-BF3B-60DD6906729B}.Release|Any CPU.ActiveCfg = Release|Any CPU
		{7C21E1D7-6E5E-40E0-BF3B-60DD6906729B}.Release|Any CPU.Build.0 = Release|Any CPU
		{A19E6F3F-A25B-4B01-8922-CF0CC35C781D}.Debug|Any CPU.ActiveCfg = Debug|Any CPU
		{A19E6F3F-A25B-4B01-8922-CF0CC35C781D}.Debug|Any CPU.Build.0 = Debug|Any CPU
		{A19E6F3F-A25B-4B01-8922-CF0CC35C781D}.Release|Any CPU.ActiveCfg = Release|Any CPU
		{A19E6F3F-A25B-4B01-8922-CF0CC35C781D}.Release|Any CPU.Build.0 = Release|Any CPU
		{BCFC8586-1CE2-4E47-9DA1-79C336397E52}.Debug|Any CPU.ActiveCfg = Debug|Any CPU
		{BCFC8586-1CE2-4E47-9DA1-79C336397E52}.Debug|Any CPU.Build.0 = Debug|Any CPU
		{BCFC8586-1CE2-4E47-9DA1-79C336397E52}.Release|Any CPU.ActiveCfg = Release|Any CPU
		{BCFC8586-1CE2-4E47-9DA1-79C336397E52}.Release|Any CPU.Build.0 = Release|Any CPU
		{E1FA8F29-5BAB-4FB7-8362-B8CE67ECF7C2}.Debug|Any CPU.ActiveCfg = Debug|Any CPU
		{E1FA8F29-5BAB-4FB7-8362-B8CE67ECF7C2}.Debug|Any CPU.Build.0 = Debug|Any CPU
		{E1FA8F29-5BAB-4FB7-8362-B8CE67ECF7C2}.Release|Any CPU.ActiveCfg = Release|Any CPU
		{E1FA8F29-5BAB-4FB7-8362-B8CE67ECF7C2}.Release|Any CPU.Build.0 = Release|Any CPU
		{E3BFF8B4-189C-496A-A817-7E8B31E22B91}.Debug|Any CPU.ActiveCfg = Debug|Any CPU
		{E3BFF8B4-189C-496A-A817-7E8B31E22B91}.Debug|Any CPU.Build.0 = Debug|Any CPU
		{E3BFF8B4-189C-496A-A817-7E8B31E22B91}.Release|Any CPU.ActiveCfg = Release|Any CPU
		{E3BFF8B4-189C-496A-A817-7E8B31E22B91}.Release|Any CPU.Build.0 = Release|Any CPU
	EndGlobalSection
	GlobalSection(MonoDevelopProperties) = preSolution
		StartupItem = Tester\Tester.csproj
		Policies = $0
		$0.ChangeLogPolicy = $1
		$1.UpdateMode = None
		$1.inheritsSet = Mono
	EndGlobalSection
EndGlobal
